
Microsoft Visual Studio Solution File, Format Version 12.00
# Visual Studio 15
VisualStudioVersion = 15.0.33801.198
MinimumVisualStudioVersion = 10.0.40219.1
Project("{FAE04EC0-301F-11D3-BF4B-00C04F79EFBC}") = "ExamDesignerExtension", "ExamDesignerExtension\ExamDesignerExtension.csproj", "{05EC8C0C-D0AC-44BE-8240-D3C642097AB2}"
EndProject
Global
	GlobalSection(SolutionConfigurationPlatforms) = preSolution
		Debug|Any CPU = Debug|Any CPU
		Release|Any CPU = Release|Any CPU
	EndGlobalSection
	GlobalSection(ProjectConfigurationPlatforms) = postSolution
		{05EC8C0C-D0AC-44BE-8240-D3C642097AB2}.Debug|Any CPU.ActiveCfg = Debug|Any CPU
		{05EC8C0C-D0AC-44BE-8240-D3C642097AB2}.Debug|Any CPU.Build.0 = Debug|Any CPU
		{05EC8C0C-D0AC-44BE-8240-D3C642097AB2}.Release|Any CPU.ActiveCfg = Release|Any CPU
		{05EC8C0C-D0AC-44BE-8240-D3C642097AB2}.Release|Any CPU.Build.0 = Release|Any CPU
	EndGlobalSection
	GlobalSection(SolutionProperties) = preSolution
		HideSolutionNode = FALSE
	EndGlobalSection
	GlobalSection(ExtensibilityGlobals) = postSolution
		SolutionGuid = {84A40889-3113-4FA0-8942-6AC18C33E882}
	EndGlobalSection
EndGlobal
